// !$*UTF8*$!
{
	archiveVersion = 1;
	classes = {
	};
	objectVersion = 46;
	objects = {

/* Begin PBXBuildFile section */
		18880ABE8D5D191C3D499B82 /* VKAudio+Artwork.m in Sources */ = {isa = PBXBuildFile; fileRef = 18880D147B1A39CE2873045F /* VKAudio+Artwork.m */; };
		8A0571CB1AAF0CE7007E393C /* AVKPlaylistPlayer.m in Sources */ = {isa = PBXBuildFile; fileRef = 8A0571CA1AAF0CE7007E393C /* AVKPlaylistPlayer.m */; };
		8A381CD01AAC4F49005B1CDE /* AVKTrackWithArtworkCell.xib in Resources */ = {isa = PBXBuildFile; fileRef = 8A381CCF1AAC4F49005B1CDE /* AVKTrackWithArtworkCell.xib */; };
		8A381CD31AAC5885005B1CDE /* AVKAudioGenre.swift in Sources */ = {isa = PBXBuildFile; fileRef = 8A381CD21AAC5885005B1CDE /* AVKAudioGenre.swift */; };
		8A398D701AA5CF7C007709A9 /* Proxima Nova Bold.otf in Resources */ = {isa = PBXBuildFile; fileRef = 8A398D6D1AA5CF7C007709A9 /* Proxima Nova Bold.otf */; };
		8A398D711AA5CF7C007709A9 /* Proxima Nova Light.ttf in Resources */ = {isa = PBXBuildFile; fileRef = 8A398D6E1AA5CF7C007709A9 /* Proxima Nova Light.ttf */; };
		8A398D721AA5CF7C007709A9 /* Proxima Nova Regular.otf in Resources */ = {isa = PBXBuildFile; fileRef = 8A398D6F1AA5CF7C007709A9 /* Proxima Nova Regular.otf */; };
		8A398D761AA5D29F007709A9 /* AVKTrackWithArtworkCell.m in Sources */ = {isa = PBXBuildFile; fileRef = 8A398D751AA5D29F007709A9 /* AVKTrackWithArtworkCell.m */; };
		8A398D791AA5D3B0007709A9 /* AVKAudioDataSource.m in Sources */ = {isa = PBXBuildFile; fileRef = 8A398D781AA5D3B0007709A9 /* AVKAudioDataSource.m */; };
		8A398D7D1AA5D889007709A9 /* AVKTrackWithArtworkListDataSource.m in Sources */ = {isa = PBXBuildFile; fileRef = 8A398D7C1AA5D889007709A9 /* AVKTrackWithArtworkListDataSource.m */; };
		8AB8A19A1AAC62F900C55D9E /* AVKArtworkLoaderCache.m in Sources */ = {isa = PBXBuildFile; fileRef = 8AB8A1991AAC62F900C55D9E /* AVKArtworkLoaderCache.m */; };
		8AB8A19D1AACB0A800C55D9E /* AVKControlPanelView.m in Sources */ = {isa = PBXBuildFile; fileRef = 8AB8A19C1AACB0A800C55D9E /* AVKControlPanelView.m */; };
		9A42FBCB9D66CD2FB34BF8C9 /* libPods.a in Frameworks */ = {isa = PBXBuildFile; fileRef = 26192FE02FA55A7D09DFEB7E /* libPods.a */; };
		FE0F18341AAB6AC9001C021F /* AVKArtworkLoader.m in Sources */ = {isa = PBXBuildFile; fileRef = FE0F18331AAB6AC9001C021F /* AVKArtworkLoader.m */; };
		FE14ECD51A581D19000CBC7F /* AVKMusicPlayerViewController.m in Sources */ = {isa = PBXBuildFile; fileRef = FE14ECD41A581D19000CBC7F /* AVKMusicPlayerViewController.m */; };
		FE283F111AB239D500D83F01 /* AVKAudioCacheLayer.m in Sources */ = {isa = PBXBuildFile; fileRef = 8AB2A3531AB0123000051BA0 /* AVKAudioCacheLayer.m */; };
		FE2BDF4E1A3A4CE2004D307E /* AVKDashboardRootViewController.m in Sources */ = {isa = PBXBuildFile; fileRef = FE2BDF4D1A3A4CE2004D307E /* AVKDashboardRootViewController.m */; };
		FE2BDF511A3A4D00004D307E /* Dashboard.storyboard in Resources */ = {isa = PBXBuildFile; fileRef = FE2BDF4F1A3A4D00004D307E /* Dashboard.storyboard */; };
		FE3527A41A2CBFB800FEBA6B /* AVKAuthenticationViewController.m in Sources */ = {isa = PBXBuildFile; fileRef = FE3527A31A2CBFB800FEBA6B /* AVKAuthenticationViewController.m */; };
		FE3F2C461A346E0300967FD9 /* AVKAuthenticationRootViewController.m in Sources */ = {isa = PBXBuildFile; fileRef = FE3F2C451A346E0300967FD9 /* AVKAuthenticationRootViewController.m */; };
		FE3F2C481A346F6000967FD9 /* MediaPlayer.framework in Frameworks */ = {isa = PBXBuildFile; fileRef = FE3F2C471A346F6000967FD9 /* MediaPlayer.framework */; };
		FE3F2C4A1A34706100967FD9 /* 5.mp4 in Resources */ = {isa = PBXBuildFile; fileRef = FE3F2C491A34706100967FD9 /* 5.mp4 */; };
		FE3F2C4D1A34B14F00967FD9 /* AVKProxyNavigationController.m in Sources */ = {isa = PBXBuildFile; fileRef = FE3F2C4C1A34B14F00967FD9 /* AVKProxyNavigationController.m */; };
		FEA1D2961A2DEC5000B8747D /* AVFoundation.framework in Frameworks */ = {isa = PBXBuildFile; fileRef = FEA1D2951A2DEC5000B8747D /* AVFoundation.framework */; };
		FEA1D2981A2DEC6800B8747D /* motionblock1.mp4 in Resources */ = {isa = PBXBuildFile; fileRef = FEA1D2971A2DEC6800B8747D /* motionblock1.mp4 */; };
		FEA1D29B1A2DF94100B8747D /* AVKBackgroundVideoView.m in Sources */ = {isa = PBXBuildFile; fileRef = FEA1D29A1A2DF94100B8747D /* AVKBackgroundVideoView.m */; };
		FEA1D29D1A2E08A900B8747D /* motionblock2.mp4 in Resources */ = {isa = PBXBuildFile; fileRef = FEA1D29C1A2E08A900B8747D /* motionblock2.mp4 */; };
		FEA1D29F1A2E099000B8747D /* moments.mp4 in Resources */ = {isa = PBXBuildFile; fileRef = FEA1D29E1A2E099000B8747D /* moments.mp4 */; };
		FEA1D2E71A2E512500B8747D /* Accounts.framework in Frameworks */ = {isa = PBXBuildFile; fileRef = FEA1D2E61A2E512500B8747D /* Accounts.framework */; };
		FEA1D2E91A2E512A00B8747D /* Social.framework in Frameworks */ = {isa = PBXBuildFile; fileRef = FEA1D2E81A2E512A00B8747D /* Social.framework */; };
		FEA2F7EE1A3C730B00648938 /* AVKAudioListTableViewController.m in Sources */ = {isa = PBXBuildFile; fileRef = FEA2F7ED1A3C730B00648938 /* AVKAudioListTableViewController.m */; };
		FEB71AE81A2F568000D56C29 /* AVKStartPromoViewController.m in Sources */ = {isa = PBXBuildFile; fileRef = FEB71AE71A2F568000D56C29 /* AVKStartPromoViewController.m */; };
		FEC1EE451A6FD43E00B57A1E /* AVKPlayerRootViewController.m in Sources */ = {isa = PBXBuildFile; fileRef = FEC1EE441A6FD43E00B57A1E /* AVKPlayerRootViewController.m */; };
		FEC1EE481A6FD45F00B57A1E /* AVKPlayingNowViewController.m in Sources */ = {isa = PBXBuildFile; fileRef = FEC1EE471A6FD45F00B57A1E /* AVKPlayingNowViewController.m */; };
		FEC1EE4B1A6FD4CD00B57A1E /* AVKPlaylistViewController.m in Sources */ = {isa = PBXBuildFile; fileRef = FEC1EE4A1A6FD4CD00B57A1E /* AVKPlaylistViewController.m */; };
		FEC1EE4D1A6FD56400B57A1E /* Player.storyboard in Resources */ = {isa = PBXBuildFile; fileRef = FEC1EE4C1A6FD56400B57A1E /* Player.storyboard */; };
		FEC1EE501A6FD86B00B57A1E /* AVKMyMusicPlaylistViewController.m in Sources */ = {isa = PBXBuildFile; fileRef = FEC1EE4F1A6FD86B00B57A1E /* AVKMyMusicPlaylistViewController.m */; };
		FEC1EE531A701AFA00B57A1E /* AVKViewController.m in Sources */ = {isa = PBXBuildFile; fileRef = FEC1EE521A701AFA00B57A1E /* AVKViewController.m */; };
		FED04B921A27A0AA009491B0 /* main.m in Sources */ = {isa = PBXBuildFile; fileRef = FED04B911A27A0AA009491B0 /* main.m */; };
		FED04B951A27A0AA009491B0 /* AVKAppDelegate.m in Sources */ = {isa = PBXBuildFile; fileRef = FED04B941A27A0AA009491B0 /* AVKAppDelegate.m */; };
		FED04B9B1A27A0AA009491B0 /* Root.storyboard in Resources */ = {isa = PBXBuildFile; fileRef = FED04B991A27A0AA009491B0 /* Root.storyboard */; };
		FED04B9D1A27A0AA009491B0 /* Images.xcassets in Resources */ = {isa = PBXBuildFile; fileRef = FED04B9C1A27A0AA009491B0 /* Images.xcassets */; };
		FED04BA01A27A0AA009491B0 /* LaunchScreen.xib in Resources */ = {isa = PBXBuildFile; fileRef = FED04B9E1A27A0AA009491B0 /* LaunchScreen.xib */; };
		FED566491A3237CB006E1549 /* AVKStorage.m in Sources */ = {isa = PBXBuildFile; fileRef = FED566481A3237CB006E1549 /* AVKStorage.m */; };
		FEE91A8C1A684FA20019392C /* AVKiTunesInfoViewController.m in Sources */ = {isa = PBXBuildFile; fileRef = FEE91A8B1A684FA20019392C /* AVKiTunesInfoViewController.m */; };
		FEECE1C71A38425200095DC4 /* AVKAuthenticationTextField.m in Sources */ = {isa = PBXBuildFile; fileRef = FEECE1C61A38425200095DC4 /* AVKAuthenticationTextField.m */; };
		FEECE1C91A38433800095DC4 /* AVKAuthenticationTextField.xib in Resources */ = {isa = PBXBuildFile; fileRef = FEECE1C81A38433800095DC4 /* AVKAuthenticationTextField.xib */; };
		FEF29DB21A2B391500589D36 /* AVKDelegate.m in Sources */ = {isa = PBXBuildFile; fileRef = FEF29DB11A2B391500589D36 /* AVKDelegate.m */; };
/* End PBXBuildFile section */

/* Begin PBXFileReference section */
		1888068B2BA3372919D63984 /* AVKPlaylistPlayerDelegate.h */ = {isa = PBXFileReference; fileEncoding = 4; lastKnownFileType = sourcecode.c.h; name = AVKPlaylistPlayerDelegate.h; path = "Business Logic/AVKPlaylistPlayerDelegate.h"; sourceTree = "<group>"; };
		18880AA10F1E2DE2A8176608 /* AVKMyMusicVCDelegate.h */ = {isa = PBXFileReference; fileEncoding = 4; lastKnownFileType = sourcecode.c.h; name = AVKMyMusicVCDelegate.h; path = Controllers/Player/AVKMyMusicVCDelegate.h; sourceTree = "<group>"; };
		18880D147B1A39CE2873045F /* VKAudio+Artwork.m */ = {isa = PBXFileReference; fileEncoding = 4; lastKnownFileType = sourcecode.c.objc; path = "VKAudio+Artwork.m"; sourceTree = "<group>"; };
		18880DEB89EFE587451DB6D8 /* VKAudio+Artwork.h */ = {isa = PBXFileReference; fileEncoding = 4; lastKnownFileType = sourcecode.c.h; path = "VKAudio+Artwork.h"; sourceTree = "<group>"; };
		26192FE02FA55A7D09DFEB7E /* libPods.a */ = {isa = PBXFileReference; explicitFileType = archive.ar; includeInIndex = 0; path = libPods.a; sourceTree = BUILT_PRODUCTS_DIR; };
		77F858DAA223496C2344782A /* Pods.release.xcconfig */ = {isa = PBXFileReference; includeInIndex = 1; lastKnownFileType = text.xcconfig; name = Pods.release.xcconfig; path = "Pods/Target Support Files/Pods/Pods.release.xcconfig"; sourceTree = "<group>"; };
		8A0571C91AAF0CE7007E393C /* AVKPlaylistPlayer.h */ = {isa = PBXFileReference; fileEncoding = 4; lastKnownFileType = sourcecode.c.h; name = AVKPlaylistPlayer.h; path = "Business Logic/AVKPlaylistPlayer.h"; sourceTree = "<group>"; };
		8A0571CA1AAF0CE7007E393C /* AVKPlaylistPlayer.m */ = {isa = PBXFileReference; fileEncoding = 4; lastKnownFileType = sourcecode.c.objc; name = AVKPlaylistPlayer.m; path = "Business Logic/AVKPlaylistPlayer.m"; sourceTree = "<group>"; };
		8A381CCF1AAC4F49005B1CDE /* AVKTrackWithArtworkCell.xib */ = {isa = PBXFileReference; fileEncoding = 4; lastKnownFileType = file.xib; path = AVKTrackWithArtworkCell.xib; sourceTree = "<group>"; };
		8A381CD11AAC5884005B1CDE /* AudioVK-Bridging-Header.h */ = {isa = PBXFileReference; lastKnownFileType = sourcecode.c.h; path = "AudioVK-Bridging-Header.h"; sourceTree = "<group>"; };
		8A381CD21AAC5885005B1CDE /* AVKAudioGenre.swift */ = {isa = PBXFileReference; fileEncoding = 4; lastKnownFileType = sourcecode.swift; name = AVKAudioGenre.swift; path = "Business Logic/AVKAudioGenre.swift"; sourceTree = "<group>"; };
		8A398D6D1AA5CF7C007709A9 /* Proxima Nova Bold.otf */ = {isa = PBXFileReference; lastKnownFileType = file; path = "Proxima Nova Bold.otf"; sourceTree = "<group>"; };
		8A398D6E1AA5CF7C007709A9 /* Proxima Nova Light.ttf */ = {isa = PBXFileReference; lastKnownFileType = file; path = "Proxima Nova Light.ttf"; sourceTree = "<group>"; };
		8A398D6F1AA5CF7C007709A9 /* Proxima Nova Regular.otf */ = {isa = PBXFileReference; lastKnownFileType = file; path = "Proxima Nova Regular.otf"; sourceTree = "<group>"; };
		8A398D741AA5D29F007709A9 /* AVKTrackWithArtworkCell.h */ = {isa = PBXFileReference; fileEncoding = 4; lastKnownFileType = sourcecode.c.h; name = AVKTrackWithArtworkCell.h; path = Player/Cells/AVKTrackWithArtworkCell.h; sourceTree = "<group>"; };
		8A398D751AA5D29F007709A9 /* AVKTrackWithArtworkCell.m */ = {isa = PBXFileReference; fileEncoding = 4; lastKnownFileType = sourcecode.c.objc; name = AVKTrackWithArtworkCell.m; path = Player/Cells/AVKTrackWithArtworkCell.m; sourceTree = "<group>"; };
		8A398D771AA5D3B0007709A9 /* AVKAudioDataSource.h */ = {isa = PBXFileReference; fileEncoding = 4; lastKnownFileType = sourcecode.c.h; path = AVKAudioDataSource.h; sourceTree = "<group>"; };
		8A398D781AA5D3B0007709A9 /* AVKAudioDataSource.m */ = {isa = PBXFileReference; fileEncoding = 4; lastKnownFileType = sourcecode.c.objc; path = AVKAudioDataSource.m; sourceTree = "<group>"; };
		8A398D7B1AA5D889007709A9 /* AVKTrackWithArtworkListDataSource.h */ = {isa = PBXFileReference; fileEncoding = 4; lastKnownFileType = sourcecode.c.h; name = AVKTrackWithArtworkListDataSource.h; path = "Business Logic/AVKTrackWithArtworkListDataSource.h"; sourceTree = "<group>"; };
		8A398D7C1AA5D889007709A9 /* AVKTrackWithArtworkListDataSource.m */ = {isa = PBXFileReference; fileEncoding = 4; lastKnownFileType = sourcecode.c.objc; name = AVKTrackWithArtworkListDataSource.m; path = "Business Logic/AVKTrackWithArtworkListDataSource.m"; sourceTree = "<group>"; };
		8AB2A3521AB0123000051BA0 /* AVKAudioCacheLayer.h */ = {isa = PBXFileReference; fileEncoding = 4; lastKnownFileType = sourcecode.c.h; name = AVKAudioCacheLayer.h; path = "Business Logic/AVKAudioCacheLayer.h"; sourceTree = "<group>"; };
		8AB2A3531AB0123000051BA0 /* AVKAudioCacheLayer.m */ = {isa = PBXFileReference; fileEncoding = 4; lastKnownFileType = sourcecode.c.objc; name = AVKAudioCacheLayer.m; path = "Business Logic/AVKAudioCacheLayer.m"; sourceTree = "<group>"; };
		8AB8A1981AAC62F900C55D9E /* AVKArtworkLoaderCache.h */ = {isa = PBXFileReference; fileEncoding = 4; lastKnownFileType = sourcecode.c.h; name = AVKArtworkLoaderCache.h; path = "Business Logic/AVKArtworkLoaderCache.h"; sourceTree = "<group>"; };
		8AB8A1991AAC62F900C55D9E /* AVKArtworkLoaderCache.m */ = {isa = PBXFileReference; fileEncoding = 4; lastKnownFileType = sourcecode.c.objc; name = AVKArtworkLoaderCache.m; path = "Business Logic/AVKArtworkLoaderCache.m"; sourceTree = "<group>"; };
		8AB8A19B1AACB0A800C55D9E /* AVKControlPanelView.h */ = {isa = PBXFileReference; fileEncoding = 4; lastKnownFileType = sourcecode.c.h; name = AVKControlPanelView.h; path = "Custom Views/AVKControlPanelView.h"; sourceTree = "<group>"; };
		8AB8A19C1AACB0A800C55D9E /* AVKControlPanelView.m */ = {isa = PBXFileReference; fileEncoding = 4; lastKnownFileType = sourcecode.c.objc; name = AVKControlPanelView.m; path = "Custom Views/AVKControlPanelView.m"; sourceTree = "<group>"; };
		8ACF75541AB1FAB60093D46F /* AVKPlayerControlProtocol.h */ = {isa = PBXFileReference; lastKnownFileType = sourcecode.c.h; path = AVKPlayerControlProtocol.h; sourceTree = "<group>"; };
		F29EE0A9E85A307141F93799 /* Pods.debug.xcconfig */ = {isa = PBXFileReference; includeInIndex = 1; lastKnownFileType = text.xcconfig; name = Pods.debug.xcconfig; path = "Pods/Target Support Files/Pods/Pods.debug.xcconfig"; sourceTree = "<group>"; };
		FE0F18321AAB6AC9001C021F /* AVKArtworkLoader.h */ = {isa = PBXFileReference; fileEncoding = 4; lastKnownFileType = sourcecode.c.h; name = AVKArtworkLoader.h; path = "Business Logic/AVKArtworkLoader.h"; sourceTree = "<group>"; };
		FE0F18331AAB6AC9001C021F /* AVKArtworkLoader.m */ = {isa = PBXFileReference; fileEncoding = 4; lastKnownFileType = sourcecode.c.objc; name = AVKArtworkLoader.m; path = "Business Logic/AVKArtworkLoader.m"; sourceTree = "<group>"; };
		FE14ECD31A581D19000CBC7F /* AVKMusicPlayerViewController.h */ = {isa = PBXFileReference; fileEncoding = 4; lastKnownFileType = sourcecode.c.h; name = AVKMusicPlayerViewController.h; path = Controllers/Dashboard/AVKMusicPlayerViewController.h; sourceTree = "<group>"; };
		FE14ECD41A581D19000CBC7F /* AVKMusicPlayerViewController.m */ = {isa = PBXFileReference; fileEncoding = 4; lastKnownFileType = sourcecode.c.objc; name = AVKMusicPlayerViewController.m; path = Controllers/Dashboard/AVKMusicPlayerViewController.m; sourceTree = "<group>"; };
		FE2BDF4C1A3A4CE2004D307E /* AVKDashboardRootViewController.h */ = {isa = PBXFileReference; fileEncoding = 4; lastKnownFileType = sourcecode.c.h; name = AVKDashboardRootViewController.h; path = Controllers/Dashboard/AVKDashboardRootViewController.h; sourceTree = "<group>"; };
		FE2BDF4D1A3A4CE2004D307E /* AVKDashboardRootViewController.m */ = {isa = PBXFileReference; fileEncoding = 4; lastKnownFileType = sourcecode.c.objc; name = AVKDashboardRootViewController.m; path = Controllers/Dashboard/AVKDashboardRootViewController.m; sourceTree = "<group>"; };
		FE2BDF501A3A4D00004D307E /* Base */ = {isa = PBXFileReference; lastKnownFileType = file.storyboard; name = Base; path = Base.lproj/Dashboard.storyboard; sourceTree = "<group>"; };
		FE3527A21A2CBFB800FEBA6B /* AVKAuthenticationViewController.h */ = {isa = PBXFileReference; fileEncoding = 4; lastKnownFileType = sourcecode.c.h; path = AVKAuthenticationViewController.h; sourceTree = "<group>"; };
		FE3527A31A2CBFB800FEBA6B /* AVKAuthenticationViewController.m */ = {isa = PBXFileReference; fileEncoding = 4; lastKnownFileType = sourcecode.c.objc; path = AVKAuthenticationViewController.m; sourceTree = "<group>"; };
		FE3F2C441A346E0300967FD9 /* AVKAuthenticationRootViewController.h */ = {isa = PBXFileReference; fileEncoding = 4; lastKnownFileType = sourcecode.c.h; path = AVKAuthenticationRootViewController.h; sourceTree = "<group>"; };
		FE3F2C451A346E0300967FD9 /* AVKAuthenticationRootViewController.m */ = {isa = PBXFileReference; fileEncoding = 4; lastKnownFileType = sourcecode.c.objc; path = AVKAuthenticationRootViewController.m; sourceTree = "<group>"; };
		FE3F2C471A346F6000967FD9 /* MediaPlayer.framework */ = {isa = PBXFileReference; lastKnownFileType = wrapper.framework; name = MediaPlayer.framework; path = System/Library/Frameworks/MediaPlayer.framework; sourceTree = SDKROOT; };
		FE3F2C491A34706100967FD9 /* 5.mp4 */ = {isa = PBXFileReference; lastKnownFileType = file; name = 5.mp4; path = ../5.mp4; sourceTree = "<group>"; };
		FE3F2C4B1A34B14F00967FD9 /* AVKProxyNavigationController.h */ = {isa = PBXFileReference; fileEncoding = 4; lastKnownFileType = sourcecode.c.h; path = AVKProxyNavigationController.h; sourceTree = "<group>"; };
		FE3F2C4C1A34B14F00967FD9 /* AVKProxyNavigationController.m */ = {isa = PBXFileReference; fileEncoding = 4; lastKnownFileType = sourcecode.c.objc; path = AVKProxyNavigationController.m; sourceTree = "<group>"; };
		FEA1D2951A2DEC5000B8747D /* AVFoundation.framework */ = {isa = PBXFileReference; lastKnownFileType = wrapper.framework; name = AVFoundation.framework; path = System/Library/Frameworks/AVFoundation.framework; sourceTree = SDKROOT; };
		FEA1D2971A2DEC6800B8747D /* motionblock1.mp4 */ = {isa = PBXFileReference; lastKnownFileType = file; name = motionblock1.mp4; path = ../motionblock1.mp4; sourceTree = "<group>"; };
		FEA1D2991A2DF94100B8747D /* AVKBackgroundVideoView.h */ = {isa = PBXFileReference; fileEncoding = 4; lastKnownFileType = sourcecode.c.h; path = AVKBackgroundVideoView.h; sourceTree = "<group>"; };
		FEA1D29A1A2DF94100B8747D /* AVKBackgroundVideoView.m */ = {isa = PBXFileReference; fileEncoding = 4; lastKnownFileType = sourcecode.c.objc; path = AVKBackgroundVideoView.m; sourceTree = "<group>"; };
		FEA1D29C1A2E08A900B8747D /* motionblock2.mp4 */ = {isa = PBXFileReference; lastKnownFileType = file; name = motionblock2.mp4; path = ../motionblock2.mp4; sourceTree = "<group>"; };
		FEA1D29E1A2E099000B8747D /* moments.mp4 */ = {isa = PBXFileReference; lastKnownFileType = file; name = moments.mp4; path = ../moments.mp4; sourceTree = "<group>"; };
		FEA1D2E61A2E512500B8747D /* Accounts.framework */ = {isa = PBXFileReference; lastKnownFileType = wrapper.framework; name = Accounts.framework; path = System/Library/Frameworks/Accounts.framework; sourceTree = SDKROOT; };
		FEA1D2E81A2E512A00B8747D /* Social.framework */ = {isa = PBXFileReference; lastKnownFileType = wrapper.framework; name = Social.framework; path = System/Library/Frameworks/Social.framework; sourceTree = SDKROOT; };
		FEA2F7EC1A3C730B00648938 /* AVKAudioListTableViewController.h */ = {isa = PBXFileReference; fileEncoding = 4; lastKnownFileType = sourcecode.c.h; name = AVKAudioListTableViewController.h; path = Controllers/Dashboard/AVKAudioListTableViewController.h; sourceTree = "<group>"; };
		FEA2F7ED1A3C730B00648938 /* AVKAudioListTableViewController.m */ = {isa = PBXFileReference; fileEncoding = 4; lastKnownFileType = sourcecode.c.objc; name = AVKAudioListTableViewController.m; path = Controllers/Dashboard/AVKAudioListTableViewController.m; sourceTree = "<group>"; };
		FEB71AE61A2F568000D56C29 /* AVKStartPromoViewController.h */ = {isa = PBXFileReference; fileEncoding = 4; lastKnownFileType = sourcecode.c.h; name = AVKStartPromoViewController.h; path = Controllers/AVKStartPromoViewController.h; sourceTree = "<group>"; };
		FEB71AE71A2F568000D56C29 /* AVKStartPromoViewController.m */ = {isa = PBXFileReference; fileEncoding = 4; lastKnownFileType = sourcecode.c.objc; name = AVKStartPromoViewController.m; path = Controllers/AVKStartPromoViewController.m; sourceTree = "<group>"; };
		FEC1EE431A6FD43E00B57A1E /* AVKPlayerRootViewController.h */ = {isa = PBXFileReference; fileEncoding = 4; lastKnownFileType = sourcecode.c.h; name = AVKPlayerRootViewController.h; path = Controllers/Player/AVKPlayerRootViewController.h; sourceTree = "<group>"; };
		FEC1EE441A6FD43E00B57A1E /* AVKPlayerRootViewController.m */ = {isa = PBXFileReference; fileEncoding = 4; lastKnownFileType = sourcecode.c.objc; name = AVKPlayerRootViewController.m; path = Controllers/Player/AVKPlayerRootViewController.m; sourceTree = "<group>"; };
		FEC1EE461A6FD45F00B57A1E /* AVKPlayingNowViewController.h */ = {isa = PBXFileReference; fileEncoding = 4; lastKnownFileType = sourcecode.c.h; name = AVKPlayingNowViewController.h; path = Controllers/Player/AVKPlayingNowViewController.h; sourceTree = "<group>"; };
		FEC1EE471A6FD45F00B57A1E /* AVKPlayingNowViewController.m */ = {isa = PBXFileReference; fileEncoding = 4; lastKnownFileType = sourcecode.c.objc; name = AVKPlayingNowViewController.m; path = Controllers/Player/AVKPlayingNowViewController.m; sourceTree = "<group>"; };
		FEC1EE491A6FD4CD00B57A1E /* AVKPlaylistViewController.h */ = {isa = PBXFileReference; fileEncoding = 4; lastKnownFileType = sourcecode.c.h; name = AVKPlaylistViewController.h; path = Controllers/Player/AVKPlaylistViewController.h; sourceTree = "<group>"; };
		FEC1EE4A1A6FD4CD00B57A1E /* AVKPlaylistViewController.m */ = {isa = PBXFileReference; fileEncoding = 4; lastKnownFileType = sourcecode.c.objc; name = AVKPlaylistViewController.m; path = Controllers/Player/AVKPlaylistViewController.m; sourceTree = "<group>"; };
		FEC1EE4C1A6FD56400B57A1E /* Player.storyboard */ = {isa = PBXFileReference; fileEncoding = 4; lastKnownFileType = file.storyboard; name = Player.storyboard; path = Controllers/Player/Player.storyboard; sourceTree = "<group>"; };
		FEC1EE4E1A6FD86B00B57A1E /* AVKMyMusicPlaylistViewController.h */ = {isa = PBXFileReference; fileEncoding = 4; lastKnownFileType = sourcecode.c.h; name = AVKMyMusicPlaylistViewController.h; path = Controllers/Player/AVKMyMusicPlaylistViewController.h; sourceTree = "<group>"; };
		FEC1EE4F1A6FD86B00B57A1E /* AVKMyMusicPlaylistViewController.m */ = {isa = PBXFileReference; fileEncoding = 4; lastKnownFileType = sourcecode.c.objc; name = AVKMyMusicPlaylistViewController.m; path = Controllers/Player/AVKMyMusicPlaylistViewController.m; sourceTree = "<group>"; };
		FEC1EE511A701AFA00B57A1E /* AVKViewController.h */ = {isa = PBXFileReference; fileEncoding = 4; lastKnownFileType = sourcecode.c.h; name = AVKViewController.h; path = Controllers/AVKViewController.h; sourceTree = "<group>"; };
		FEC1EE521A701AFA00B57A1E /* AVKViewController.m */ = {isa = PBXFileReference; fileEncoding = 4; lastKnownFileType = sourcecode.c.objc; name = AVKViewController.m; path = Controllers/AVKViewController.m; sourceTree = "<group>"; };
		FED04B8C1A27A0AA009491B0 /* AudioVK.app */ = {isa = PBXFileReference; explicitFileType = wrapper.application; includeInIndex = 0; path = AudioVK.app; sourceTree = BUILT_PRODUCTS_DIR; };
		FED04B901A27A0AA009491B0 /* Info.plist */ = {isa = PBXFileReference; lastKnownFileType = text.plist.xml; path = Info.plist; sourceTree = "<group>"; };
		FED04B911A27A0AA009491B0 /* main.m */ = {isa = PBXFileReference; lastKnownFileType = sourcecode.c.objc; path = main.m; sourceTree = "<group>"; };
		FED04B931A27A0AA009491B0 /* AVKAppDelegate.h */ = {isa = PBXFileReference; lastKnownFileType = sourcecode.c.h; path = AVKAppDelegate.h; sourceTree = "<group>"; };
		FED04B941A27A0AA009491B0 /* AVKAppDelegate.m */ = {isa = PBXFileReference; lastKnownFileType = sourcecode.c.objc; path = AVKAppDelegate.m; sourceTree = "<group>"; };
		FED04B9A1A27A0AA009491B0 /* Base */ = {isa = PBXFileReference; lastKnownFileType = file.storyboard; name = Base; path = Base.lproj/Root.storyboard; sourceTree = "<group>"; };
		FED04B9C1A27A0AA009491B0 /* Images.xcassets */ = {isa = PBXFileReference; lastKnownFileType = folder.assetcatalog; path = Images.xcassets; sourceTree = "<group>"; };
		FED04B9F1A27A0AA009491B0 /* Base */ = {isa = PBXFileReference; lastKnownFileType = file.xib; name = Base; path = Base.lproj/LaunchScreen.xib; sourceTree = "<group>"; };
		FED04BAA1A27A0AB009491B0 /* Info.plist */ = {isa = PBXFileReference; lastKnownFileType = text.plist.xml; path = Info.plist; sourceTree = "<group>"; };
		FED04BAB1A27A0AB009491B0 /* AudioVKTests.m */ = {isa = PBXFileReference; lastKnownFileType = sourcecode.c.objc; path = AudioVKTests.m; sourceTree = "<group>"; };
		FED5663E1A311E40006E1549 /* AudioVK.pch */ = {isa = PBXFileReference; fileEncoding = 4; lastKnownFileType = sourcecode.c.h; path = AudioVK.pch; sourceTree = "<group>"; };
		FED566471A3237CB006E1549 /* AVKStorage.h */ = {isa = PBXFileReference; fileEncoding = 4; lastKnownFileType = sourcecode.c.h; name = AVKStorage.h; path = Helpers/AVKStorage.h; sourceTree = "<group>"; };
		FED566481A3237CB006E1549 /* AVKStorage.m */ = {isa = PBXFileReference; fileEncoding = 4; lastKnownFileType = sourcecode.c.objc; name = AVKStorage.m; path = Helpers/AVKStorage.m; sourceTree = "<group>"; };
		FEDD602F1A73F99200D91B1C /* AVKPlayerProtocol.h */ = {isa = PBXFileReference; fileEncoding = 4; lastKnownFileType = sourcecode.c.h; name = AVKPlayerProtocol.h; path = Controllers/Player/AVKPlayerProtocol.h; sourceTree = "<group>"; };
		FEE91A8A1A684FA20019392C /* AVKiTunesInfoViewController.h */ = {isa = PBXFileReference; fileEncoding = 4; lastKnownFileType = sourcecode.c.h; name = AVKiTunesInfoViewController.h; path = Controllers/AVKiTunesInfoViewController.h; sourceTree = "<group>"; };
		FEE91A8B1A684FA20019392C /* AVKiTunesInfoViewController.m */ = {isa = PBXFileReference; fileEncoding = 4; lastKnownFileType = sourcecode.c.objc; name = AVKiTunesInfoViewController.m; path = Controllers/AVKiTunesInfoViewController.m; sourceTree = "<group>"; };
		FEECE1C51A38425200095DC4 /* AVKAuthenticationTextField.h */ = {isa = PBXFileReference; fileEncoding = 4; lastKnownFileType = sourcecode.c.h; name = AVKAuthenticationTextField.h; path = "Custom Views/AVKAuthenticationTextField.h"; sourceTree = "<group>"; };
		FEECE1C61A38425200095DC4 /* AVKAuthenticationTextField.m */ = {isa = PBXFileReference; fileEncoding = 4; lastKnownFileType = sourcecode.c.objc; name = AVKAuthenticationTextField.m; path = "Custom Views/AVKAuthenticationTextField.m"; sourceTree = "<group>"; };
		FEECE1C81A38433800095DC4 /* AVKAuthenticationTextField.xib */ = {isa = PBXFileReference; fileEncoding = 4; lastKnownFileType = file.xib; name = AVKAuthenticationTextField.xib; path = "Custom Views/AVKAuthenticationTextField.xib"; sourceTree = "<group>"; };
		FEF29DB01A2B391500589D36 /* AVKDelegate.h */ = {isa = PBXFileReference; fileEncoding = 4; lastKnownFileType = sourcecode.c.h; path = AVKDelegate.h; sourceTree = "<group>"; };
		FEF29DB11A2B391500589D36 /* AVKDelegate.m */ = {isa = PBXFileReference; fileEncoding = 4; lastKnownFileType = sourcecode.c.objc; path = AVKDelegate.m; sourceTree = "<group>"; };
/* End PBXFileReference section */

/* Begin PBXFrameworksBuildPhase section */
		FED04B891A27A0AA009491B0 /* Frameworks */ = {
			isa = PBXFrameworksBuildPhase;
			buildActionMask = 2147483647;
			files = (
				FE3F2C481A346F6000967FD9 /* MediaPlayer.framework in Frameworks */,
				FEA1D2E91A2E512A00B8747D /* Social.framework in Frameworks */,
				FEA1D2E71A2E512500B8747D /* Accounts.framework in Frameworks */,
				FEA1D2961A2DEC5000B8747D /* AVFoundation.framework in Frameworks */,
				9A42FBCB9D66CD2FB34BF8C9 /* libPods.a in Frameworks */,
			);
			runOnlyForDeploymentPostprocessing = 0;
		};
/* End PBXFrameworksBuildPhase section */

/* Begin PBXGroup section */
		8A398D6C1AA5CF4D007709A9 /* Fonts */ = {
			isa = PBXGroup;
			children = (
				8A398D6D1AA5CF7C007709A9 /* Proxima Nova Bold.otf */,
				8A398D6E1AA5CF7C007709A9 /* Proxima Nova Light.ttf */,
				8A398D6F1AA5CF7C007709A9 /* Proxima Nova Regular.otf */,
			);
			name = Fonts;
			sourceTree = "<group>";
		};
		8A398D731AA5D26E007709A9 /* Cells */ = {
			isa = PBXGroup;
			children = (
				8A398D741AA5D29F007709A9 /* AVKTrackWithArtworkCell.h */,
				8A398D751AA5D29F007709A9 /* AVKTrackWithArtworkCell.m */,
				8A381CCF1AAC4F49005B1CDE /* AVKTrackWithArtworkCell.xib */,
			);
			name = Cells;
			sourceTree = "<group>";
		};
		8A398D7A1AA5D823007709A9 /* Business Logic */ = {
			isa = PBXGroup;
			children = (
				8A398D771AA5D3B0007709A9 /* AVKAudioDataSource.h */,
				8A398D781AA5D3B0007709A9 /* AVKAudioDataSource.m */,
				8A398D7B1AA5D889007709A9 /* AVKTrackWithArtworkListDataSource.h */,
				8A398D7C1AA5D889007709A9 /* AVKTrackWithArtworkListDataSource.m */,
				FE0F18321AAB6AC9001C021F /* AVKArtworkLoader.h */,
				FE0F18331AAB6AC9001C021F /* AVKArtworkLoader.m */,
				8AB8A1981AAC62F900C55D9E /* AVKArtworkLoaderCache.h */,
				8AB8A1991AAC62F900C55D9E /* AVKArtworkLoaderCache.m */,
				8A381CD21AAC5885005B1CDE /* AVKAudioGenre.swift */,
				8A381CD11AAC5884005B1CDE /* AudioVK-Bridging-Header.h */,
				18880DEB89EFE587451DB6D8 /* VKAudio+Artwork.h */,
				18880D147B1A39CE2873045F /* VKAudio+Artwork.m */,
				8A0571C91AAF0CE7007E393C /* AVKPlaylistPlayer.h */,
				8A0571CA1AAF0CE7007E393C /* AVKPlaylistPlayer.m */,
				8AB2A3521AB0123000051BA0 /* AVKAudioCacheLayer.h */,
				8AB2A3531AB0123000051BA0 /* AVKAudioCacheLayer.m */,
			);
			name = "Business Logic";
			sourceTree = "<group>";
		};
		A48B5A31FDD84AB969D9EFC3 /* Pods */ = {
			isa = PBXGroup;
			children = (
				F29EE0A9E85A307141F93799 /* Pods.debug.xcconfig */,
				77F858DAA223496C2344782A /* Pods.release.xcconfig */,
			);
			name = Pods;
			sourceTree = "<group>";
		};
		D2AE61D987B9A1E76DCC763E /* Frameworks */ = {
			isa = PBXGroup;
			children = (
				FE3F2C471A346F6000967FD9 /* MediaPlayer.framework */,
				FEA1D2E81A2E512A00B8747D /* Social.framework */,
				FEA1D2E61A2E512500B8747D /* Accounts.framework */,
				FEA1D2951A2DEC5000B8747D /* AVFoundation.framework */,
				26192FE02FA55A7D09DFEB7E /* libPods.a */,
			);
			name = Frameworks;
			path = ..;
			sourceTree = "<group>";
		};
		FE2BDF4B1A3A4CA2004D307E /* Dashboard */ = {
			isa = PBXGroup;
			children = (
				FE2BDF4C1A3A4CE2004D307E /* AVKDashboardRootViewController.h */,
				FE2BDF4D1A3A4CE2004D307E /* AVKDashboardRootViewController.m */,
				FEA2F7EC1A3C730B00648938 /* AVKAudioListTableViewController.h */,
				FEA2F7ED1A3C730B00648938 /* AVKAudioListTableViewController.m */,
				FE14ECD31A581D19000CBC7F /* AVKMusicPlayerViewController.h */,
				FE14ECD41A581D19000CBC7F /* AVKMusicPlayerViewController.m */,
				FEE91A8A1A684FA20019392C /* AVKiTunesInfoViewController.h */,
				FEE91A8B1A684FA20019392C /* AVKiTunesInfoViewController.m */,
			);
			name = Dashboard;
			sourceTree = "<group>";
		};
		FEC1EE421A6FD40D00B57A1E /* Player */ = {
			isa = PBXGroup;
			children = (
				FEDD602F1A73F99200D91B1C /* AVKPlayerProtocol.h */,
				8ACF75541AB1FAB60093D46F /* AVKPlayerControlProtocol.h */,
				FEC1EE431A6FD43E00B57A1E /* AVKPlayerRootViewController.h */,
				FEC1EE441A6FD43E00B57A1E /* AVKPlayerRootViewController.m */,
				FEC1EE461A6FD45F00B57A1E /* AVKPlayingNowViewController.h */,
				FEC1EE471A6FD45F00B57A1E /* AVKPlayingNowViewController.m */,
				FEC1EE491A6FD4CD00B57A1E /* AVKPlaylistViewController.h */,
				FEC1EE4A1A6FD4CD00B57A1E /* AVKPlaylistViewController.m */,
				FEC1EE4E1A6FD86B00B57A1E /* AVKMyMusicPlaylistViewController.h */,
				FEC1EE4F1A6FD86B00B57A1E /* AVKMyMusicPlaylistViewController.m */,
			);
			name = Player;
			sourceTree = "<group>";
		};
		FED04B831A27A0AA009491B0 = {
			isa = PBXGroup;
			children = (
				FED04B8E1A27A0AA009491B0 /* AudioVK */,
				FED04B8D1A27A0AA009491B0 /* Products */,
				A48B5A31FDD84AB969D9EFC3 /* Pods */,
			);
			sourceTree = "<group>";
		};
		FED04B8D1A27A0AA009491B0 /* Products */ = {
			isa = PBXGroup;
			children = (
				FED04B8C1A27A0AA009491B0 /* AudioVK.app */,
			);
			name = Products;
			sourceTree = "<group>";
		};
		FED04B8E1A27A0AA009491B0 /* AudioVK */ = {
			isa = PBXGroup;
			children = (
				FED830421A377375009846EA /* Singletones */,
				FED830401A377356009846EA /* Controllers */,
				FED04B8F1A27A0AA009491B0 /* Supporting Files */,
				18880AA10F1E2DE2A8176608 /* AVKMyMusicVCDelegate.h */,
				1888068B2BA3372919D63984 /* AVKPlaylistPlayerDelegate.h */,
			);
			path = AudioVK;
			sourceTree = "<group>";
		};
		FED04B8F1A27A0AA009491B0 /* Supporting Files */ = {
			isa = PBXGroup;
			children = (
				8A398D6C1AA5CF4D007709A9 /* Fonts */,
				FEA1D2971A2DEC6800B8747D /* motionblock1.mp4 */,
				FEA1D29C1A2E08A900B8747D /* motionblock2.mp4 */,
				FEA1D29E1A2E099000B8747D /* moments.mp4 */,
				FE3F2C491A34706100967FD9 /* 5.mp4 */,
				FED04BA81A27A0AB009491B0 /* AudioVKTests */,
				D2AE61D987B9A1E76DCC763E /* Frameworks */,
				FEC1EE4C1A6FD56400B57A1E /* Player.storyboard */,
				FED04B991A27A0AA009491B0 /* Root.storyboard */,
				FE2BDF4F1A3A4D00004D307E /* Dashboard.storyboard */,
				FED04B9C1A27A0AA009491B0 /* Images.xcassets */,
				FED04B9E1A27A0AA009491B0 /* LaunchScreen.xib */,
				FED04B901A27A0AA009491B0 /* Info.plist */,
				FED04B911A27A0AA009491B0 /* main.m */,
				FED5663E1A311E40006E1549 /* AudioVK.pch */,
			);
			name = "Supporting Files";
			sourceTree = "<group>";
		};
		FED04BA81A27A0AB009491B0 /* AudioVKTests */ = {
			isa = PBXGroup;
			children = (
				FED04BAB1A27A0AB009491B0 /* AudioVKTests.m */,
				FED04BA91A27A0AB009491B0 /* Supporting Files */,
			);
			path = AudioVKTests;
			sourceTree = SOURCE_ROOT;
		};
		FED04BA91A27A0AB009491B0 /* Supporting Files */ = {
			isa = PBXGroup;
			children = (
				FED04BAA1A27A0AB009491B0 /* Info.plist */,
			);
			name = "Supporting Files";
			sourceTree = "<group>";
		};
		FED8303E1A377340009846EA /* Authentification */ = {
			isa = PBXGroup;
			children = (
				FE3F2C441A346E0300967FD9 /* AVKAuthenticationRootViewController.h */,
				FE3F2C451A346E0300967FD9 /* AVKAuthenticationRootViewController.m */,
				FEB71AE61A2F568000D56C29 /* AVKStartPromoViewController.h */,
				FEB71AE71A2F568000D56C29 /* AVKStartPromoViewController.m */,
				FE3527A21A2CBFB800FEBA6B /* AVKAuthenticationViewController.h */,
				FE3527A31A2CBFB800FEBA6B /* AVKAuthenticationViewController.m */,
				FEA1D2991A2DF94100B8747D /* AVKBackgroundVideoView.h */,
				FEA1D29A1A2DF94100B8747D /* AVKBackgroundVideoView.m */,
			);
			name = Authentification;
			sourceTree = "<group>";
		};
		FED830401A377356009846EA /* Controllers */ = {
			isa = PBXGroup;
			children = (
				FEECE1C41A38423400095DC4 /* Custom Views */,
				FED830411A377368009846EA /* Common */,
				FED8303E1A377340009846EA /* Authentification */,
				FE2BDF4B1A3A4CA2004D307E /* Dashboard */,
				FEC1EE421A6FD40D00B57A1E /* Player */,
			);
			name = Controllers;
			sourceTree = "<group>";
		};
		FED830411A377368009846EA /* Common */ = {
			isa = PBXGroup;
			children = (
				FEC1EE511A701AFA00B57A1E /* AVKViewController.h */,
				FEC1EE521A701AFA00B57A1E /* AVKViewController.m */,
				FE3F2C4B1A34B14F00967FD9 /* AVKProxyNavigationController.h */,
				FE3F2C4C1A34B14F00967FD9 /* AVKProxyNavigationController.m */,
			);
			name = Common;
			sourceTree = "<group>";
		};
		FED830421A377375009846EA /* Singletones */ = {
			isa = PBXGroup;
			children = (
				FED04B931A27A0AA009491B0 /* AVKAppDelegate.h */,
				FED04B941A27A0AA009491B0 /* AVKAppDelegate.m */,
				FEF29DB01A2B391500589D36 /* AVKDelegate.h */,
				FEF29DB11A2B391500589D36 /* AVKDelegate.m */,
				FED566471A3237CB006E1549 /* AVKStorage.h */,
				FED566481A3237CB006E1549 /* AVKStorage.m */,
				8A398D7A1AA5D823007709A9 /* Business Logic */,
			);
			name = Singletones;
			sourceTree = "<group>";
		};
		FEECE1C41A38423400095DC4 /* Custom Views */ = {
			isa = PBXGroup;
			children = (
				FEECE1C51A38425200095DC4 /* AVKAuthenticationTextField.h */,
				FEECE1C61A38425200095DC4 /* AVKAuthenticationTextField.m */,
				FEECE1C81A38433800095DC4 /* AVKAuthenticationTextField.xib */,
				8A398D731AA5D26E007709A9 /* Cells */,
				8AB8A19B1AACB0A800C55D9E /* AVKControlPanelView.h */,
				8AB8A19C1AACB0A800C55D9E /* AVKControlPanelView.m */,
			);
			name = "Custom Views";
			sourceTree = "<group>";
		};
/* End PBXGroup section */

/* Begin PBXNativeTarget section */
		FED04B8B1A27A0AA009491B0 /* AudioVK */ = {
			isa = PBXNativeTarget;
			buildConfigurationList = FED04BAF1A27A0AB009491B0 /* Build configuration list for PBXNativeTarget "AudioVK" */;
			buildPhases = (
				B8CC1162648DDF69AA608AFC /* Check Pods Manifest.lock */,
				FED04B881A27A0AA009491B0 /* Sources */,
				FED04B891A27A0AA009491B0 /* Frameworks */,
				FED04B8A1A27A0AA009491B0 /* Resources */,
				54086826C93E10C339E19DCE /* Copy Pods Resources */,
			);
			buildRules = (
			);
			dependencies = (
			);
			name = AudioVK;
			productName = AudioVK;
			productReference = FED04B8C1A27A0AA009491B0 /* AudioVK.app */;
			productType = "com.apple.product-type.application";
		};
/* End PBXNativeTarget section */

/* Begin PBXProject section */
		FED04B841A27A0AA009491B0 /* Project object */ = {
			isa = PBXProject;
			attributes = {
				LastUpgradeCheck = 0610;
				ORGANIZATIONNAME = "Roman Gardukevich";
				TargetAttributes = {
					FED04B8B1A27A0AA009491B0 = {
						CreatedOnToolsVersion = 6.1;
						SystemCapabilities = {
							com.apple.BackgroundModes = {
								enabled = 1;
							};
						};
					};
				};
			};
			buildConfigurationList = FED04B871A27A0AA009491B0 /* Build configuration list for PBXProject "AudioVK" */;
			compatibilityVersion = "Xcode 3.2";
			developmentRegion = English;
			hasScannedForEncodings = 0;
			knownRegions = (
				en,
				Base,
			);
			mainGroup = FED04B831A27A0AA009491B0;
			productRefGroup = FED04B8D1A27A0AA009491B0 /* Products */;
			projectDirPath = "";
			projectRoot = "";
			targets = (
				FED04B8B1A27A0AA009491B0 /* AudioVK */,
			);
		};
/* End PBXProject section */

/* Begin PBXResourcesBuildPhase section */
		FED04B8A1A27A0AA009491B0 /* Resources */ = {
			isa = PBXResourcesBuildPhase;
			buildActionMask = 2147483647;
			files = (
				FED04B9B1A27A0AA009491B0 /* Root.storyboard in Resources */,
				8A398D701AA5CF7C007709A9 /* Proxima Nova Bold.otf in Resources */,
				8A398D711AA5CF7C007709A9 /* Proxima Nova Light.ttf in Resources */,
				FED04BA01A27A0AA009491B0 /* LaunchScreen.xib in Resources */,
				FEECE1C91A38433800095DC4 /* AVKAuthenticationTextField.xib in Resources */,
				FEA1D29D1A2E08A900B8747D /* motionblock2.mp4 in Resources */,
				8A398D721AA5CF7C007709A9 /* Proxima Nova Regular.otf in Resources */,
				FEA1D29F1A2E099000B8747D /* moments.mp4 in Resources */,
				FEA1D2981A2DEC6800B8747D /* motionblock1.mp4 in Resources */,
				8A381CD01AAC4F49005B1CDE /* AVKTrackWithArtworkCell.xib in Resources */,
				FE3F2C4A1A34706100967FD9 /* 5.mp4 in Resources */,
				FEC1EE4D1A6FD56400B57A1E /* Player.storyboard in Resources */,
				FE2BDF511A3A4D00004D307E /* Dashboard.storyboard in Resources */,
				FED04B9D1A27A0AA009491B0 /* Images.xcassets in Resources */,
			);
			runOnlyForDeploymentPostprocessing = 0;
		};
/* End PBXResourcesBuildPhase section */

/* Begin PBXShellScriptBuildPhase section */
		54086826C93E10C339E19DCE /* Copy Pods Resources */ = {
			isa = PBXShellScriptBuildPhase;
			buildActionMask = 2147483647;
			files = (
			);
			inputPaths = (
			);
			name = "Copy Pods Resources";
			outputPaths = (
			);
			runOnlyForDeploymentPostprocessing = 0;
			shellPath = /bin/sh;
			shellScript = "\"${SRCROOT}/Pods/Target Support Files/Pods/Pods-resources.sh\"\n";
			showEnvVarsInLog = 0;
		};
		B8CC1162648DDF69AA608AFC /* Check Pods Manifest.lock */ = {
			isa = PBXShellScriptBuildPhase;
			buildActionMask = 2147483647;
			files = (
			);
			inputPaths = (
			);
			name = "Check Pods Manifest.lock";
			outputPaths = (
			);
			runOnlyForDeploymentPostprocessing = 0;
			shellPath = /bin/sh;
			shellScript = "diff \"${PODS_ROOT}/../Podfile.lock\" \"${PODS_ROOT}/Manifest.lock\" > /dev/null\nif [[ $? != 0 ]] ; then\n    cat << EOM\nerror: The sandbox is not in sync with the Podfile.lock. Run 'pod install' or update your CocoaPods installation.\nEOM\n    exit 1\nfi\n";
			showEnvVarsInLog = 0;
		};
/* End PBXShellScriptBuildPhase section */

/* Begin PBXSourcesBuildPhase section */
		FED04B881A27A0AA009491B0 /* Sources */ = {
			isa = PBXSourcesBuildPhase;
			buildActionMask = 2147483647;
			files = (
				FE3F2C461A346E0300967FD9 /* AVKAuthenticationRootViewController.m in Sources */,
				FEC1EE481A6FD45F00B57A1E /* AVKPlayingNowViewController.m in Sources */,
				8AB8A19A1AAC62F900C55D9E /* AVKArtworkLoaderCache.m in Sources */,
				FEC1EE451A6FD43E00B57A1E /* AVKPlayerRootViewController.m in Sources */,
				FEA2F7EE1A3C730B00648938 /* AVKAudioListTableViewController.m in Sources */,
				FEC1EE531A701AFA00B57A1E /* AVKViewController.m in Sources */,
				FE0F18341AAB6AC9001C021F /* AVKArtworkLoader.m in Sources */,
				FEA1D29B1A2DF94100B8747D /* AVKBackgroundVideoView.m in Sources */,
				FEC1EE501A6FD86B00B57A1E /* AVKMyMusicPlaylistViewController.m in Sources */,
				FE283F111AB239D500D83F01 /* AVKAudioCacheLayer.m in Sources */,
				FEC1EE4B1A6FD4CD00B57A1E /* AVKPlaylistViewController.m in Sources */,
				FEF29DB21A2B391500589D36 /* AVKDelegate.m in Sources */,
				FED04B951A27A0AA009491B0 /* AVKAppDelegate.m in Sources */,
				FED04B921A27A0AA009491B0 /* main.m in Sources */,
				FEECE1C71A38425200095DC4 /* AVKAuthenticationTextField.m in Sources */,
				8A398D761AA5D29F007709A9 /* AVKTrackWithArtworkCell.m in Sources */,
				8A0571CB1AAF0CE7007E393C /* AVKPlaylistPlayer.m in Sources */,
				FE14ECD51A581D19000CBC7F /* AVKMusicPlayerViewController.m in Sources */,
				8AB8A19D1AACB0A800C55D9E /* AVKControlPanelView.m in Sources */,
				FEE91A8C1A684FA20019392C /* AVKiTunesInfoViewController.m in Sources */,
				FEB71AE81A2F568000D56C29 /* AVKStartPromoViewController.m in Sources */,
				FED566491A3237CB006E1549 /* AVKStorage.m in Sources */,
				FE3F2C4D1A34B14F00967FD9 /* AVKProxyNavigationController.m in Sources */,
				8A381CD31AAC5885005B1CDE /* AVKAudioGenre.swift in Sources */,
				FE2BDF4E1A3A4CE2004D307E /* AVKDashboardRootViewController.m in Sources */,
				FE3527A41A2CBFB800FEBA6B /* AVKAuthenticationViewController.m in Sources */,
				8A398D7D1AA5D889007709A9 /* AVKTrackWithArtworkListDataSource.m in Sources */,
				8A398D791AA5D3B0007709A9 /* AVKAudioDataSource.m in Sources */,
				18880ABE8D5D191C3D499B82 /* VKAudio+Artwork.m in Sources */,
			);
			runOnlyForDeploymentPostprocessing = 0;
		};
/* End PBXSourcesBuildPhase section */

/* Begin PBXVariantGroup section */
		FE2BDF4F1A3A4D00004D307E /* Dashboard.storyboard */ = {
			isa = PBXVariantGroup;
			children = (
				FE2BDF501A3A4D00004D307E /* Base */,
			);
			name = Dashboard.storyboard;
			sourceTree = "<group>";
		};
		FED04B991A27A0AA009491B0 /* Root.storyboard */ = {
			isa = PBXVariantGroup;
			children = (
				FED04B9A1A27A0AA009491B0 /* Base */,
			);
			name = Root.storyboard;
			sourceTree = "<group>";
		};
		FED04B9E1A27A0AA009491B0 /* LaunchScreen.xib */ = {
			isa = PBXVariantGroup;
			children = (
				FED04B9F1A27A0AA009491B0 /* Base */,
			);
			name = LaunchScreen.xib;
			sourceTree = "<group>";
		};
/* End PBXVariantGroup section */

/* Begin XCBuildConfiguration section */
		FED04BAD1A27A0AB009491B0 /* Debug */ = {
			isa = XCBuildConfiguration;
			buildSettings = {
				ALWAYS_SEARCH_USER_PATHS = NO;
				CLANG_CXX_LANGUAGE_STANDARD = "gnu++0x";
				CLANG_CXX_LIBRARY = "libc++";
				CLANG_ENABLE_MODULES = YES;
				CLANG_ENABLE_OBJC_ARC = YES;
				CLANG_WARN_BOOL_CONVERSION = YES;
				CLANG_WARN_CONSTANT_CONVERSION = YES;
				CLANG_WARN_DIRECT_OBJC_ISA_USAGE = YES_ERROR;
				CLANG_WARN_EMPTY_BODY = YES;
				CLANG_WARN_ENUM_CONVERSION = YES;
				CLANG_WARN_INT_CONVERSION = YES;
				CLANG_WARN_OBJC_ROOT_CLASS = YES_ERROR;
				CLANG_WARN_UNREACHABLE_CODE = YES;
				CLANG_WARN__DUPLICATE_METHOD_MATCH = YES;
				"CODE_SIGN_IDENTITY[sdk=iphoneos*]" = "iPhone Developer";
				COPY_PHASE_STRIP = NO;
				ENABLE_STRICT_OBJC_MSGSEND = YES;
				GCC_C_LANGUAGE_STANDARD = gnu99;
				GCC_DYNAMIC_NO_PIC = NO;
				GCC_OPTIMIZATION_LEVEL = 0;
				GCC_PREPROCESSOR_DEFINITIONS = (
					"DEBUG=1",
					"$(inherited)",
				);
				GCC_SYMBOLS_PRIVATE_EXTERN = NO;
				GCC_WARN_64_TO_32_BIT_CONVERSION = YES;
				GCC_WARN_ABOUT_RETURN_TYPE = YES_ERROR;
				GCC_WARN_UNDECLARED_SELECTOR = YES;
				GCC_WARN_UNINITIALIZED_AUTOS = YES_AGGRESSIVE;
				GCC_WARN_UNUSED_FUNCTION = YES;
				GCC_WARN_UNUSED_VARIABLE = YES;
				IPHONEOS_DEPLOYMENT_TARGET = 8.1;
				MTL_ENABLE_DEBUG_INFO = YES;
				ONLY_ACTIVE_ARCH = YES;
				SDKROOT = iphoneos;
				TARGETED_DEVICE_FAMILY = "1,2";
			};
			name = Debug;
		};
		FED04BAE1A27A0AB009491B0 /* Release */ = {
			isa = XCBuildConfiguration;
			buildSettings = {
				ALWAYS_SEARCH_USER_PATHS = NO;
				CLANG_CXX_LANGUAGE_STANDARD = "gnu++0x";
				CLANG_CXX_LIBRARY = "libc++";
				CLANG_ENABLE_MODULES = YES;
				CLANG_ENABLE_OBJC_ARC = YES;
				CLANG_WARN_BOOL_CONVERSION = YES;
				CLANG_WARN_CONSTANT_CONVERSION = YES;
				CLANG_WARN_DIRECT_OBJC_ISA_USAGE = YES_ERROR;
				CLANG_WARN_EMPTY_BODY = YES;
				CLANG_WARN_ENUM_CONVERSION = YES;
				CLANG_WARN_INT_CONVERSION = YES;
				CLANG_WARN_OBJC_ROOT_CLASS = YES_ERROR;
				CLANG_WARN_UNREACHABLE_CODE = YES;
				CLANG_WARN__DUPLICATE_METHOD_MATCH = YES;
				"CODE_SIGN_IDENTITY[sdk=iphoneos*]" = "iPhone Developer";
				COPY_PHASE_STRIP = YES;
				ENABLE_NS_ASSERTIONS = NO;
				ENABLE_STRICT_OBJC_MSGSEND = YES;
				GCC_C_LANGUAGE_STANDARD = gnu99;
				GCC_WARN_64_TO_32_BIT_CONVERSION = YES;
				GCC_WARN_ABOUT_RETURN_TYPE = YES_ERROR;
				GCC_WARN_UNDECLARED_SELECTOR = YES;
				GCC_WARN_UNINITIALIZED_AUTOS = YES_AGGRESSIVE;
				GCC_WARN_UNUSED_FUNCTION = YES;
				GCC_WARN_UNUSED_VARIABLE = YES;
				IPHONEOS_DEPLOYMENT_TARGET = 8.1;
				MTL_ENABLE_DEBUG_INFO = NO;
				SDKROOT = iphoneos;
				TARGETED_DEVICE_FAMILY = "1,2";
				VALIDATE_PRODUCT = YES;
			};
			name = Release;
		};
		FED04BB01A27A0AB009491B0 /* Debug */ = {
			isa = XCBuildConfiguration;
			baseConfigurationReference = F29EE0A9E85A307141F93799 /* Pods.debug.xcconfig */;
			buildSettings = {
				ASSETCATALOG_COMPILER_APPICON_NAME = AppIcon;
				CLANG_ENABLE_MODULES = YES;
				CODE_SIGN_IDENTITY = "iPhone Developer";
				GCC_PRECOMPILE_PREFIX_HEADER = YES;
				GCC_PREFIX_HEADER = AudioVK/AudioVK.pch;
				INFOPLIST_FILE = AudioVK/Info.plist;
				LD_RUNPATH_SEARCH_PATHS = "$(inherited) @executable_path/Frameworks";
				PRODUCT_NAME = "$(TARGET_NAME)";
				SWIFT_OBJC_BRIDGING_HEADER = "AudioVK/AudioVK-Bridging-Header.h";
				SWIFT_OPTIMIZATION_LEVEL = "-Onone";
			};
			name = Debug;
		};
		FED04BB11A27A0AB009491B0 /* Release */ = {
			isa = XCBuildConfiguration;
			baseConfigurationReference = 77F858DAA223496C2344782A /* Pods.release.xcconfig */;
			buildSettings = {
				ASSETCATALOG_COMPILER_APPICON_NAME = AppIcon;
				CLANG_ENABLE_MODULES = YES;
				CODE_SIGN_IDENTITY = "iPhone Developer";
				GCC_PRECOMPILE_PREFIX_HEADER = YES;
				GCC_PREFIX_HEADER = AudioVK/AudioVK.pch;
				INFOPLIST_FILE = AudioVK/Info.plist;
				LD_RUNPATH_SEARCH_PATHS = "$(inherited) @executable_path/Frameworks";
				PRODUCT_NAME = "$(TARGET_NAME)";
				SWIFT_OBJC_BRIDGING_HEADER = "AudioVK/AudioVK-Bridging-Header.h";
			};
			name = Release;
		};
/* End XCBuildConfiguration section */

/* Begin XCConfigurationList section */
		FED04B871A27A0AA009491B0 /* Build configuration list for PBXProject "AudioVK" */ = {
			isa = XCConfigurationList;
			buildConfigurations = (
				FED04BAD1A27A0AB009491B0 /* Debug */,
				FED04BAE1A27A0AB009491B0 /* Release */,
			);
			defaultConfigurationIsVisible = 0;
			defaultConfigurationName = Release;
		};
		FED04BAF1A27A0AB009491B0 /* Build configuration list for PBXNativeTarget "AudioVK" */ = {
			isa = XCConfigurationList;
			buildConfigurations = (
				FED04BB01A27A0AB009491B0 /* Debug */,
				FED04BB11A27A0AB009491B0 /* Release */,
			);
			defaultConfigurationIsVisible = 0;
			defaultConfigurationName = Release;
		};
/* End XCConfigurationList section */
	};
	rootObject = FED04B841A27A0AA009491B0 /* Project object */;
}
